
Microsoft Visual Studio Solution File, Format Version 12.00
# Visual Studio 15
Project("{FAE04EC0-301F-11D3-BF4B-00C04F79EFBC}") = "UnityEngine.UI", "UnityEngine.UI.csproj", "{9D6F98C6-FAAA-4779-A3AC-7A0C3D68B8EA}"
EndProject
Project("{FAE04EC0-301F-11D3-BF4B-00C04F79EFBC}") = "UnityEngine.TestRunner", "UnityEngine.TestRunner.csproj", "{A316EF2D-7E66-77C2-598E-818FC7DABB87}"
EndProject
Project("{FAE04EC0-301F-11D3-BF4B-00C04F79EFBC}") = "Assembly-CSharp", "Assembly-CSharp.csproj", "{C058C6FB-9597-0AB3-1D43-64399BF69BD7}"
EndProject
Project("{FAE04EC0-301F-11D3-BF4B-00C04F79EFBC}") = "Unity.VisualScripting.Flow", "Unity.VisualScripting.Flow.csproj", "{5BC0EEB7-E0BB-47C6-42BA-EE6508466A90}"
EndProject
Project("{FAE04EC0-301F-11D3-BF4B-00C04F79EFBC}") = "Unity.Mathematics", "Unity.Mathematics.csproj", "{9B90F1E0-6CCC-CD66-071B-3F18756FB9BE}"
EndProject
Project("{FAE04EC0-301F-11D3-BF4B-00C04F79EFBC}") = "Unity.VisualScripting.State", "Unity.VisualScripting.State.csproj", "{F5559E1B-31DF-127A-6CFC-E91E8B621BFE}"
EndProject
Project("{FAE04EC0-301F-11D3-BF4B-00C04F79EFBC}") = "Unity.VisualScripting.Core", "Unity.VisualScripting.Core.csproj", "{439A40BA-5753-762E-CA09-8504C89995D3}"
EndProject
Project("{FAE04EC0-301F-11D3-BF4B-00C04F79EFBC}") = "Unity.2D.Animation.Runtime", "Unity.2D.Animation.Runtime.csproj", "{9C638D19-BBF4-AA55-0ED2-AD188BBCCCCB}"
EndProject
Project("{FAE04EC0-301F-11D3-BF4B-00C04F79EFBC}") = "Unity.TextMeshPro", "Unity.TextMeshPro.csproj", "{7DB26E73-A019-EA1B-9D65-B111FA4624D3}"
EndProject
Project("{FAE04EC0-301F-11D3-BF4B-00C04F79EFBC}") = "Unity.Timeline", "Unity.Timeline.csproj", "{39059C84-A27A-1C2D-284E-C99AC8CB04B9}"
EndProject
Project("{FAE04EC0-301F-11D3-BF4B-00C04F79EFBC}") = "TTWebGL", "TTWebGL.csproj", "{0C160FCF-F4FD-ED75-B9AD-2F5FAD02FF9E}"
EndProject
Project("{FAE04EC0-301F-11D3-BF4B-00C04F79EFBC}") = "Unity.Burst", "Unity.Burst.csproj", "{F31E764E-40BB-78AB-657A-EC161A732FB1}"
EndProject
Project("{FAE04EC0-301F-11D3-BF4B-00C04F79EFBC}") = "Unity.2D.SpriteShape.Runtime", "Unity.2D.SpriteShape.Runtime.csproj", "{AFD846DD-01AE-5FD7-BB9D-00C953AC69BA}"
EndProject
Project("{FAE04EC0-301F-11D3-BF4B-00C04F79EFBC}") = "Unity.2D.PixelPerfect", "Unity.2D.PixelPerfect.csproj", "{F33696BB-AA46-37ED-CD06-BC64D8C55F71}"
EndProject
Project("{FAE04EC0-301F-11D3-BF4B-00C04F79EFBC}") = "Unity.2D.Common.Runtime", "Unity.2D.Common.Runtime.csproj", "{EFE435E6-3F09-1101-55B1-E5F934AF8B5B}"
EndProject
Project("{FAE04EC0-301F-11D3-BF4B-00C04F79EFBC}") = "Unity.2D.IK.Runtime", "Unity.2D.IK.Runtime.csproj", "{D76F3C35-FD19-EF05-EDD6-74C5845021A4}"
EndProject
Project("{FAE04EC0-301F-11D3-BF4B-00C04F79EFBC}") = "Unity.2D.Tilemap.Extras", "Unity.2D.Tilemap.Extras.csproj", "{F50FFAE9-BB29-59D8-7F59-7EFA0AD6D63A}"
EndProject
Project("{FAE04EC0-301F-11D3-BF4B-00C04F79EFBC}") = "TTLitJson", "TTLitJson.csproj", "{419B8658-0A31-529A-0A59-FC1361366052}"
EndProject
Project("{FAE04EC0-301F-11D3-BF4B-00C04F79EFBC}") = "Unity.InternalAPIEngineBridge.001", "Unity.InternalAPIEngineBridge.001.csproj", "{BCF18317-81A8-EB4B-F6A2-67863B09527B}"
EndProject
Project("{FAE04EC0-301F-11D3-BF4B-00C04F79EFBC}") = "Unity.PlasticSCM.Editor", "Unity.PlasticSCM.Editor.csproj", "{A0C7356C-4BE8-777C-9552-1C096FA13E6A}"
EndProject
Project("{FAE04EC0-301F-11D3-BF4B-00C04F79EFBC}") = "Unity.VisualScripting.Core.Editor", "Unity.VisualScripting.Core.Editor.csproj", "{EC891025-8D77-9F40-977E-95EEA5F0E950}"
EndProject
Project("{FAE04EC0-301F-11D3-BF4B-00C04F79EFBC}") = "Unity.VisualScripting.Flow.Editor", "Unity.VisualScripting.Flow.Editor.csproj", "{9B6C5CD6-B7E0-B754-636C-390D24F0D166}"
EndProject
Project("{FAE04EC0-301F-11D3-BF4B-00C04F79EFBC}") = "Unity.2D.Aseprite.Editor", "Unity.2D.Aseprite.Editor.csproj", "{110DD938-A290-BBF1-AD7A-34FA5E8944BF}"
EndProject
Project("{FAE04EC0-301F-11D3-BF4B-00C04F79EFBC}") = "Unity.VisualStudio.Editor", "Unity.VisualStudio.Editor.csproj", "{AF639787-A785-1A37-038A-5FD59249277B}"
EndProject
Project("{FAE04EC0-301F-11D3-BF4B-00C04F79EFBC}") = "Unity.Timeline.Editor", "Unity.Timeline.Editor.csproj", "{DBA93CED-0398-2CD9-CABF-F1CD5C8EC601}"
EndProject
Project("{FAE04EC0-301F-11D3-BF4B-00C04F79EFBC}") = "Unity.Burst.CodeGen", "Unity.Burst.CodeGen.csproj", "{B710D899-7023-D517-1578-623DE137CF07}"
EndProject
Project("{FAE04EC0-301F-11D3-BF4B-00C04F79EFBC}") = "Unity.VisualScripting.State.Editor", "Unity.VisualScripting.State.Editor.csproj", "{D9C7BAB3-6F15-F988-7635-5D7ACA417925}"
EndProject
Project("{FAE04EC0-301F-11D3-BF4B-00C04F79EFBC}") = "Unity.TextMeshPro.Editor", "Unity.TextMeshPro.Editor.csproj", "{7387E867-96DB-BA64-D89D-2BF9B5FE93B9}"
EndProject
Project("{FAE04EC0-301F-11D3-BF4B-00C04F79EFBC}") = "Unity.Burst.Editor", "Unity.Burst.Editor.csproj", "{C3F64E1C-5D0A-3F4D-41D8-8692638A850C}"
EndProject
Project("{FAE04EC0-301F-11D3-BF4B-00C04F79EFBC}") = "Unity.2D.PixelPerfect.Editor", "Unity.2D.PixelPerfect.Editor.csproj", "{6F56ADD4-DC91-FDD1-E7D8-622D6B4DFC90}"
EndProject
Project("{FAE04EC0-301F-11D3-BF4B-00C04F79EFBC}") = "Unity.2D.Animation.Editor", "Unity.2D.Animation.Editor.csproj", "{2C38FDF1-70BC-96E5-1BC8-87FA8180883F}"
EndProject
Project("{FAE04EC0-301F-11D3-BF4B-00C04F79EFBC}") = "Unity.VisualScripting.SettingsProvider.Editor", "Unity.VisualScripting.SettingsProvider.Editor.csproj", "{B5471FA6-F9EE-69E8-58CB-8375E003D731}"
EndProject
Project("{FAE04EC0-301F-11D3-BF4B-00C04F79EFBC}") = "Unity.2D.Psdimporter.Editor", "Unity.2D.Psdimporter.Editor.csproj", "{ED7C8339-50AE-F55B-0C60-0CD6CFD39B30}"
EndProject
Project("{FAE04EC0-301F-11D3-BF4B-00C04F79EFBC}") = "UnityEditor.TestRunner", "UnityEditor.TestRunner.csproj", "{AF43D92D-426B-1230-1546-9491FA3D231D}"
EndProject
Project("{FAE04EC0-301F-11D3-BF4B-00C04F79EFBC}") = "Unity.2D.Tilemap.Editor", "Unity.2D.Tilemap.Editor.csproj", "{49390E3A-3C76-CA8B-1FB4-E0DEFA77A8C1}"
EndProject
Project("{FAE04EC0-301F-11D3-BF4B-00C04F79EFBC}") = "Unity.Rider.Editor", "Unity.Rider.Editor.csproj", "{B6ADF9AE-D265-91F7-DB0D-EA6F17129C59}"
EndProject
Project("{FAE04EC0-301F-11D3-BF4B-00C04F79EFBC}") = "Unity.2D.Path.Editor", "Unity.2D.Path.Editor.csproj", "{A0D58A29-8CDB-9DD3-1084-6C8D9E2799A3}"
EndProject
Project("{FAE04EC0-301F-11D3-BF4B-00C04F79EFBC}") = "PsdPlugin", "PsdPlugin.csproj", "{869700CB-E098-44E8-75EC-D45D211B9674}"
EndProject
Project("{FAE04EC0-301F-11D3-BF4B-00C04F79EFBC}") = "Unity.2D.IK.Editor", "Unity.2D.IK.Editor.csproj", "{EC56CC9C-4E2E-7DD4-CC23-5BFC74367DE3}"
EndProject
Project("{FAE04EC0-301F-11D3-BF4B-00C04F79EFBC}") = "Unity.2D.SpriteShape.Editor", "Unity.2D.SpriteShape.Editor.csproj", "{1A590ECB-2496-75B2-F7F9-6EC604DAEF89}"
EndProject
Project("{FAE04EC0-301F-11D3-BF4B-00C04F79EFBC}") = "Unity.VSCode.Editor", "Unity.VSCode.Editor.csproj", "{96011D65-E3C2-1424-5102-A5CB7EDA62EB}"
EndProject
Project("{FAE04EC0-301F-11D3-BF4B-00C04F79EFBC}") = "Unity.2D.Sprite.Editor", "Unity.2D.Sprite.Editor.csproj", "{B14108EC-0701-0B2F-65EB-D11C9CE2DFAD}"
EndProject
Project("{FAE04EC0-301F-11D3-BF4B-00C04F79EFBC}") = "UnityEditor.UI", "UnityEditor.UI.csproj", "{B7934731-5038-94AB-E762-589FB10F67A4}"
EndProject
Project("{FAE04EC0-301F-11D3-BF4B-00C04F79EFBC}") = "Unity.2D.Common.Editor", "Unity.2D.Common.Editor.csproj", "{D4F522AC-48E7-1413-6846-A8B17AEEB08E}"
EndProject
Project("{FAE04EC0-301F-11D3-BF4B-00C04F79EFBC}") = "Unity.CollabProxy.Editor", "Unity.CollabProxy.Editor.csproj", "{F9700D50-252F-0300-EAA6-4126344394D6}"
EndProject
Project("{FAE04EC0-301F-11D3-BF4B-00C04F79EFBC}") = "Unity.Mathematics.Editor", "Unity.Mathematics.Editor.csproj", "{A25CB20C-B3A9-2C2A-FFF7-7881AF7C05AC}"
EndProject
Project("{FAE04EC0-301F-11D3-BF4B-00C04F79EFBC}") = "Unity.InternalAPIEditorBridge.001", "Unity.InternalAPIEditorBridge.001.csproj", "{BDEC890B-86A8-E8E3-E470-2529D139EEAB}"
EndProject
Project("{FAE04EC0-301F-11D3-BF4B-00C04F79EFBC}") = "Unity.2D.Tilemap.Extras.Editor", "Unity.2D.Tilemap.Extras.Editor.csproj", "{3D7D7852-B119-B212-BB04-36ACDE1AE119}"
EndProject
Project("{FAE04EC0-301F-11D3-BF4B-00C04F79EFBC}") = "com.bytedance.ttsdk-editor", "com.bytedance.ttsdk-editor.csproj", "{96FEB5B7-F8C5-CDD5-5A70-C036C3BF2180}"
EndProject
Project("{FAE04EC0-301F-11D3-BF4B-00C04F79EFBC}") = "Unity.VisualScripting.Shared.Editor", "Unity.VisualScripting.Shared.Editor.csproj", "{8D2FFD7B-4341-4034-1FB5-CF161F85B994}"
EndProject
Project("{FAE04EC0-301F-11D3-BF4B-00C04F79EFBC}") = "Unity.2D.Aseprite.Common", "Unity.2D.Aseprite.Common.csproj", "{C43A7BC8-FCAC-83B9-830A-1E2590AF4A20}"
EndProject
Project("{FAE04EC0-301F-11D3-BF4B-00C04F79EFBC}") = "UnityEngine.UI", "UnityEngine.UI.Player.csproj", "{D91EAEF8-2DE2-F94E-4065-A3646FA59B3F}"
EndProject
Project("{FAE04EC0-301F-11D3-BF4B-00C04F79EFBC}") = "UnityEngine.TestRunner", "UnityEngine.TestRunner.Player.csproj", "{B8B73935-DCA4-B4B9-4D39-80370F96FD67}"
EndProject
Project("{FAE04EC0-301F-11D3-BF4B-00C04F79EFBC}") = "Assembly-CSharp", "Assembly-CSharp.Player.csproj", "{60C03FDE-04E6-0D32-3956-D5AEAF8965D7}"
EndProject
Project("{FAE04EC0-301F-11D3-BF4B-00C04F79EFBC}") = "Unity.VisualScripting.Flow", "Unity.VisualScripting.Flow.Player.csproj", "{BAD1D81A-850A-7B18-CE4C-CAFB96238FDA}"
EndProject
Project("{FAE04EC0-301F-11D3-BF4B-00C04F79EFBC}") = "Unity.Mathematics", "Unity.Mathematics.Player.csproj", "{A0A9DA46-FBEA-8743-DBBB-EC57DD4C9141}"
EndProject
Project("{FAE04EC0-301F-11D3-BF4B-00C04F79EFBC}") = "Unity.VisualScripting.State", "Unity.VisualScripting.State.Player.csproj", "{D7C8F531-2318-B9CD-2B0C-7B3E329CDEA0}"
EndProject
Project("{FAE04EC0-301F-11D3-BF4B-00C04F79EFBC}") = "Unity.VisualScripting.Core", "Unity.VisualScripting.Core.Player.csproj", "{428B5F55-FC15-07B8-51CE-2D066D2DED08}"
EndProject
Project("{FAE04EC0-301F-11D3-BF4B-00C04F79EFBC}") = "Unity.2D.Animation.Runtime", "Unity.2D.Animation.Runtime.Player.csproj", "{E71AD1E5-BF0A-7F88-CBD7-AEB1CABFF59E}"
EndProject
Project("{FAE04EC0-301F-11D3-BF4B-00C04F79EFBC}") = "Unity.TextMeshPro", "Unity.TextMeshPro.Player.csproj", "{EF996EDC-54D3-2408-296D-F0FB5D66D557}"
EndProject
Project("{FAE04EC0-301F-11D3-BF4B-00C04F79EFBC}") = "Unity.Timeline", "Unity.Timeline.Player.csproj", "{D83F4C22-B1EC-6E4B-9783-F04595F47C88}"
EndProject
Project("{FAE04EC0-301F-11D3-BF4B-00C04F79EFBC}") = "TTWebGL", "TTWebGL.Player.csproj", "{B8B046D9-A0A1-063E-0122-F3DC2406AEDA}"
EndProject
Project("{FAE04EC0-301F-11D3-BF4B-00C04F79EFBC}") = "Unity.Burst", "Unity.Burst.Player.csproj", "{260FD38E-F022-4059-3885-5B867E082806}"
EndProject
Project("{FAE04EC0-301F-11D3-BF4B-00C04F79EFBC}") = "Unity.2D.SpriteShape.Runtime", "Unity.2D.SpriteShape.Runtime.Player.csproj", "{218D3427-3A4C-80BA-9340-32BD79B7C395}"
EndProject
Project("{FAE04EC0-301F-11D3-BF4B-00C04F79EFBC}") = "Unity.2D.PixelPerfect", "Unity.2D.PixelPerfect.Player.csproj", "{4EDBFB12-CDE2-B597-3E46-A6D4D459D10A}"
EndProject
Project("{FAE04EC0-301F-11D3-BF4B-00C04F79EFBC}") = "Unity.2D.Common.Runtime", "Unity.2D.Common.Runtime.Player.csproj", "{A2F002F8-27ED-B9E2-78A5-767327B076DD}"
EndProject
Project("{FAE04EC0-301F-11D3-BF4B-00C04F79EFBC}") = "Unity.2D.IK.Runtime", "Unity.2D.IK.Runtime.Player.csproj", "{27070C4A-F886-8B70-293C-0C9C00C5C4A7}"
EndProject
Project("{FAE04EC0-301F-11D3-BF4B-00C04F79EFBC}") = "Unity.2D.Tilemap.Extras", "Unity.2D.Tilemap.Extras.Player.csproj", "{810952B0-8D0A-04CF-7FF9-AD067922DF68}"
EndProject
Project("{FAE04EC0-301F-11D3-BF4B-00C04F79EFBC}") = "TTLitJson", "TTLitJson.Player.csproj", "{A0855F32-78C5-8D50-91CF-061BD2ADF66F}"
EndProject
Project("{FAE04EC0-301F-11D3-BF4B-00C04F79EFBC}") = "Unity.InternalAPIEngineBridge.001", "Unity.InternalAPIEngineBridge.001.Player.csproj", "{7CD5BAA2-D4E7-6E70-442F-A419BA371110}"
EndProject
Global
	GlobalSection(SolutionConfigurationPlatforms) = preSolution
		Debug|Any CPU = Debug|Any CPU
		Release|Any CPU = Release|Any CPU
	EndGlobalSection
	GlobalSection(ProjectConfigurationPlatforms) = postSolution
		{9D6F98C6-FAAA-4779-A3AC-7A0C3D68B8EA}.Debug|Any CPU.ActiveCfg = Debug|Any CPU
		{9D6F98C6-FAAA-4779-A3AC-7A0C3D68B8EA}.Debug|Any CPU.Build.0 = Debug|Any CPU
		{9D6F98C6-FAAA-4779-A3AC-7A0C3D68B8EA}.Release|Any CPU.ActiveCfg = Release|Any CPU
		{9D6F98C6-FAAA-4779-A3AC-7A0C3D68B8EA}.Release|Any CPU.Build.0 = Release|Any CPU
		{A316EF2D-7E66-77C2-598E-818FC7DABB87}.Debug|Any CPU.ActiveCfg = Debug|Any CPU
		{A316EF2D-7E66-77C2-598E-818FC7DABB87}.Debug|Any CPU.Build.0 = Debug|Any CPU
		{A316EF2D-7E66-77C2-598E-818FC7DABB87}.Release|Any CPU.ActiveCfg = Release|Any CPU
		{A316EF2D-7E66-77C2-598E-818FC7DABB87}.Release|Any CPU.Build.0 = Release|Any CPU
		{C058C6FB-9597-0AB3-1D43-64399BF69BD7}.Debug|Any CPU.ActiveCfg = Debug|Any CPU
		{C058C6FB-9597-0AB3-1D43-64399BF69BD7}.Debug|Any CPU.Build.0 = Debug|Any CPU
		{C058C6FB-9597-0AB3-1D43-64399BF69BD7}.Release|Any CPU.ActiveCfg = Release|Any CPU
		{C058C6FB-9597-0AB3-1D43-64399BF69BD7}.Release|Any CPU.Build.0 = Release|Any CPU
		{5BC0EEB7-E0BB-47C6-42BA-EE6508466A90}.Debug|Any CPU.ActiveCfg = Debug|Any CPU
		{5BC0EEB7-E0BB-47C6-42BA-EE6508466A90}.Debug|Any CPU.Build.0 = Debug|Any CPU
		{5BC0EEB7-E0BB-47C6-42BA-EE6508466A90}.Release|Any CPU.ActiveCfg = Release|Any CPU
		{5BC0EEB7-E0BB-47C6-42BA-EE6508466A90}.Release|Any CPU.Build.0 = Release|Any CPU
		{9B90F1E0-6CCC-CD66-071B-3F18756FB9BE}.Debug|Any CPU.ActiveCfg = Debug|Any CPU
		{9B90F1E0-6CCC-CD66-071B-3F18756FB9BE}.Debug|Any CPU.Build.0 = Debug|Any CPU
		{9B90F1E0-6CCC-CD66-071B-3F18756FB9BE}.Release|Any CPU.ActiveCfg = Release|Any CPU
		{9B90F1E0-6CCC-CD66-071B-3F18756FB9BE}.Release|Any CPU.Build.0 = Release|Any CPU
		{F5559E1B-31DF-127A-6CFC-E91E8B621BFE}.Debug|Any CPU.ActiveCfg = Debug|Any CPU
		{F5559E1B-31DF-127A-6CFC-E91E8B621BFE}.Debug|Any CPU.Build.0 = Debug|Any CPU
		{F5559E1B-31DF-127A-6CFC-E91E8B621BFE}.Release|Any CPU.ActiveCfg = Release|Any CPU
		{F5559E1B-31DF-127A-6CFC-E91E8B621BFE}.Release|Any CPU.Build.0 = Release|Any CPU
		{439A40BA-5753-762E-CA09-8504C89995D3}.Debug|Any CPU.ActiveCfg = Debug|Any CPU
		{439A40BA-5753-762E-CA09-8504C89995D3}.Debug|Any CPU.Build.0 = Debug|Any CPU
		{439A40BA-5753-762E-CA09-8504C89995D3}.Release|Any CPU.ActiveCfg = Release|Any CPU
		{439A40BA-5753-762E-CA09-8504C89995D3}.Release|Any CPU.Build.0 = Release|Any CPU
		{9C638D19-BBF4-AA55-0ED2-AD188BBCCCCB}.Debug|Any CPU.ActiveCfg = Debug|Any CPU
		{9C638D19-BBF4-AA55-0ED2-AD188BBCCCCB}.Debug|Any CPU.Build.0 = Debug|Any CPU
		{9C638D19-BBF4-AA55-0ED2-AD188BBCCCCB}.Release|Any CPU.ActiveCfg = Release|Any CPU
		{9C638D19-BBF4-AA55-0ED2-AD188BBCCCCB}.Release|Any CPU.Build.0 = Release|Any CPU
		{7DB26E73-A019-EA1B-9D65-B111FA4624D3}.Debug|Any CPU.ActiveCfg = Debug|Any CPU
		{7DB26E73-A019-EA1B-9D65-B111FA4624D3}.Debug|Any CPU.Build.0 = Debug|Any CPU
		{7DB26E73-A019-EA1B-9D65-B111FA4624D3}.Release|Any CPU.ActiveCfg = Release|Any CPU
		{7DB26E73-A019-EA1B-9D65-B111FA4624D3}.Release|Any CPU.Build.0 = Release|Any CPU
		{39059C84-A27A-1C2D-284E-C99AC8CB04B9}.Debug|Any CPU.ActiveCfg = Debug|Any CPU
		{39059C84-A27A-1C2D-284E-C99AC8CB04B9}.Debug|Any CPU.Build.0 = Debug|Any CPU
		{39059C84-A27A-1C2D-284E-C99AC8CB04B9}.Release|Any CPU.ActiveCfg = Release|Any CPU
		{39059C84-A27A-1C2D-284E-C99AC8CB04B9}.Release|Any CPU.Build.0 = Release|Any CPU
		{0C160FCF-F4FD-ED75-B9AD-2F5FAD02FF9E}.Debug|Any CPU.ActiveCfg = Debug|Any CPU
		{0C160FCF-F4FD-ED75-B9AD-2F5FAD02FF9E}.Debug|Any CPU.Build.0 = Debug|Any CPU
		{0C160FCF-F4FD-ED75-B9AD-2F5FAD02FF9E}.Release|Any CPU.ActiveCfg = Release|Any CPU
		{0C160FCF-F4FD-ED75-B9AD-2F5FAD02FF9E}.Release|Any CPU.Build.0 = Release|Any CPU
		{F31E764E-40BB-78AB-657A-EC161A732FB1}.Debug|Any CPU.ActiveCfg = Debug|Any CPU
		{F31E764E-40BB-78AB-657A-EC161A732FB1}.Debug|Any CPU.Build.0 = Debug|Any CPU
		{F31E764E-40BB-78AB-657A-EC161A732FB1}.Release|Any CPU.ActiveCfg = Release|Any CPU
		{F31E764E-40BB-78AB-657A-EC161A732FB1}.Release|Any CPU.Build.0 = Release|Any CPU
		{AFD846DD-01AE-5FD7-BB9D-00C953AC69BA}.Debug|Any CPU.ActiveCfg = Debug|Any CPU
		{AFD846DD-01AE-5FD7-BB9D-00C953AC69BA}.Debug|Any CPU.Build.0 = Debug|Any CPU
		{AFD846DD-01AE-5FD7-BB9D-00C953AC69BA}.Release|Any CPU.ActiveCfg = Release|Any CPU
		{AFD846DD-01AE-5FD7-BB9D-00C953AC69BA}.Release|Any CPU.Build.0 = Release|Any CPU
		{F33696BB-AA46-37ED-CD06-BC64D8C55F71}.Debug|Any CPU.ActiveCfg = Debug|Any CPU
		{F33696BB-AA46-37ED-CD06-BC64D8C55F71}.Debug|Any CPU.Build.0 = Debug|Any CPU
		{F33696BB-AA46-37ED-CD06-BC64D8C55F71}.Release|Any CPU.ActiveCfg = Release|Any CPU
		{F33696BB-AA46-37ED-CD06-BC64D8C55F71}.Release|Any CPU.Build.0 = Release|Any CPU
		{EFE435E6-3F09-1101-55B1-E5F934AF8B5B}.Debug|Any CPU.ActiveCfg = Debug|Any CPU
		{EFE435E6-3F09-1101-55B1-E5F934AF8B5B}.Debug|Any CPU.Build.0 = Debug|Any CPU
		{EFE435E6-3F09-1101-55B1-E5F934AF8B5B}.Release|Any CPU.ActiveCfg = Release|Any CPU
		{EFE435E6-3F09-1101-55B1-E5F934AF8B5B}.Release|Any CPU.Build.0 = Release|Any CPU
		{D76F3C35-FD19-EF05-EDD6-74C5845021A4}.Debug|Any CPU.ActiveCfg = Debug|Any CPU
		{D76F3C35-FD19-EF05-EDD6-74C5845021A4}.Debug|Any CPU.Build.0 = Debug|Any CPU
		{D76F3C35-FD19-EF05-EDD6-74C5845021A4}.Release|Any CPU.ActiveCfg = Release|Any CPU
		{D76F3C35-FD19-EF05-EDD6-74C5845021A4}.Release|Any CPU.Build.0 = Release|Any CPU
		{F50FFAE9-BB29-59D8-7F59-7EFA0AD6D63A}.Debug|Any CPU.ActiveCfg = Debug|Any CPU
		{F50FFAE9-BB29-59D8-7F59-7EFA0AD6D63A}.Debug|Any CPU.Build.0 = Debug|Any CPU
		{F50FFAE9-BB29-59D8-7F59-7EFA0AD6D63A}.Release|Any CPU.ActiveCfg = Release|Any CPU
		{F50FFAE9-BB29-59D8-7F59-7EFA0AD6D63A}.Release|Any CPU.Build.0 = Release|Any CPU
		{419B8658-0A31-529A-0A59-FC1361366052}.Debug|Any CPU.ActiveCfg = Debug|Any CPU
		{419B8658-0A31-529A-0A59-FC1361366052}.Debug|Any CPU.Build.0 = Debug|Any CPU
		{419B8658-0A31-529A-0A59-FC1361366052}.Release|Any CPU.ActiveCfg = Release|Any CPU
		{419B8658-0A31-529A-0A59-FC1361366052}.Release|Any CPU.Build.0 = Release|Any CPU
		{BCF18317-81A8-EB4B-F6A2-67863B09527B}.Debug|Any CPU.ActiveCfg = Debug|Any CPU
		{BCF18317-81A8-EB4B-F6A2-67863B09527B}.Debug|Any CPU.Build.0 = Debug|Any CPU
		{BCF18317-81A8-EB4B-F6A2-67863B09527B}.Release|Any CPU.ActiveCfg = Release|Any CPU
		{BCF18317-81A8-EB4B-F6A2-67863B09527B}.Release|Any CPU.Build.0 = Release|Any CPU
		{A0C7356C-4BE8-777C-9552-1C096FA13E6A}.Debug|Any CPU.ActiveCfg = Debug|Any CPU
		{A0C7356C-4BE8-777C-9552-1C096FA13E6A}.Debug|Any CPU.Build.0 = Debug|Any CPU
		{A0C7356C-4BE8-777C-9552-1C096FA13E6A}.Release|Any CPU.ActiveCfg = Release|Any CPU
		{A0C7356C-4BE8-777C-9552-1C096FA13E6A}.Release|Any CPU.Build.0 = Release|Any CPU
		{EC891025-8D77-9F40-977E-95EEA5F0E950}.Debug|Any CPU.ActiveCfg = Debug|Any CPU
		{EC891025-8D77-9F40-977E-95EEA5F0E950}.Debug|Any CPU.Build.0 = Debug|Any CPU
		{EC891025-8D77-9F40-977E-95EEA5F0E950}.Release|Any CPU.ActiveCfg = Release|Any CPU
		{EC891025-8D77-9F40-977E-95EEA5F0E950}.Release|Any CPU.Build.0 = Release|Any CPU
		{9B6C5CD6-B7E0-B754-636C-390D24F0D166}.Debug|Any CPU.ActiveCfg = Debug|Any CPU
		{9B6C5CD6-B7E0-B754-636C-390D24F0D166}.Debug|Any CPU.Build.0 = Debug|Any CPU
		{9B6C5CD6-B7E0-B754-636C-390D24F0D166}.Release|Any CPU.ActiveCfg = Release|Any CPU
		{9B6C5CD6-B7E0-B754-636C-390D24F0D166}.Release|Any CPU.Build.0 = Release|Any CPU
		{110DD938-A290-BBF1-AD7A-34FA5E8944BF}.Debug|Any CPU.ActiveCfg = Debug|Any CPU
		{110DD938-A290-BBF1-AD7A-34FA5E8944BF}.Debug|Any CPU.Build.0 = Debug|Any CPU
		{110DD938-A290-BBF1-AD7A-34FA5E8944BF}.Release|Any CPU.ActiveCfg = Release|Any CPU
		{110DD938-A290-BBF1-AD7A-34FA5E8944BF}.Release|Any CPU.Build.0 = Release|Any CPU
		{AF639787-A785-1A37-038A-5FD59249277B}.Debug|Any CPU.ActiveCfg = Debug|Any CPU
		{AF639787-A785-1A37-038A-5FD59249277B}.Debug|Any CPU.Build.0 = Debug|Any CPU
		{AF639787-A785-1A37-038A-5FD59249277B}.Release|Any CPU.ActiveCfg = Release|Any CPU
		{AF639787-A785-1A37-038A-5FD59249277B}.Release|Any CPU.Build.0 = Release|Any CPU
		{DBA93CED-0398-2CD9-CABF-F1CD5C8EC601}.Debug|Any CPU.ActiveCfg = Debug|Any CPU
		{DBA93CED-0398-2CD9-CABF-F1CD5C8EC601}.Debug|Any CPU.Build.0 = Debug|Any CPU
		{DBA93CED-0398-2CD9-CABF-F1CD5C8EC601}.Release|Any CPU.ActiveCfg = Release|Any CPU
		{DBA93CED-0398-2CD9-CABF-F1CD5C8EC601}.Release|Any CPU.Build.0 = Release|Any CPU
		{B710D899-7023-D517-1578-623DE137CF07}.Debug|Any CPU.ActiveCfg = Debug|Any CPU
		{B710D899-7023-D517-1578-623DE137CF07}.Debug|Any CPU.Build.0 = Debug|Any CPU
		{B710D899-7023-D517-1578-623DE137CF07}.Release|Any CPU.ActiveCfg = Release|Any CPU
		{B710D899-7023-D517-1578-623DE137CF07}.Release|Any CPU.Build.0 = Release|Any CPU
		{D9C7BAB3-6F15-F988-7635-5D7ACA417925}.Debug|Any CPU.ActiveCfg = Debug|Any CPU
		{D9C7BAB3-6F15-F988-7635-5D7ACA417925}.Debug|Any CPU.Build.0 = Debug|Any CPU
		{D9C7BAB3-6F15-F988-7635-5D7ACA417925}.Release|Any CPU.ActiveCfg = Release|Any CPU
		{D9C7BAB3-6F15-F988-7635-5D7ACA417925}.Release|Any CPU.Build.0 = Release|Any CPU
		{7387E867-96DB-BA64-D89D-2BF9B5FE93B9}.Debug|Any CPU.ActiveCfg = Debug|Any CPU
		{7387E867-96DB-BA64-D89D-2BF9B5FE93B9}.Debug|Any CPU.Build.0 = Debug|Any CPU
		{7387E867-96DB-BA64-D89D-2BF9B5FE93B9}.Release|Any CPU.ActiveCfg = Release|Any CPU
		{7387E867-96DB-BA64-D89D-2BF9B5FE93B9}.Release|Any CPU.Build.0 = Release|Any CPU
		{C3F64E1C-5D0A-3F4D-41D8-8692638A850C}.Debug|Any CPU.ActiveCfg = Debug|Any CPU
		{C3F64E1C-5D0A-3F4D-41D8-8692638A850C}.Debug|Any CPU.Build.0 = Debug|Any CPU
		{C3F64E1C-5D0A-3F4D-41D8-8692638A850C}.Release|Any CPU.ActiveCfg = Release|Any CPU
		{C3F64E1C-5D0A-3F4D-41D8-8692638A850C}.Release|Any CPU.Build.0 = Release|Any CPU
		{6F56ADD4-DC91-FDD1-E7D8-622D6B4DFC90}.Debug|Any CPU.ActiveCfg = Debug|Any CPU
		{6F56ADD4-DC91-FDD1-E7D8-622D6B4DFC90}.Debug|Any CPU.Build.0 = Debug|Any CPU
		{6F56ADD4-DC91-FDD1-E7D8-622D6B4DFC90}.Release|Any CPU.ActiveCfg = Release|Any CPU
		{6F56ADD4-DC91-FDD1-E7D8-622D6B4DFC90}.Release|Any CPU.Build.0 = Release|Any CPU
		{2C38FDF1-70BC-96E5-1BC8-87FA8180883F}.Debug|Any CPU.ActiveCfg = Debug|Any CPU
		{2C38FDF1-70BC-96E5-1BC8-87FA8180883F}.Debug|Any CPU.Build.0 = Debug|Any CPU
		{2C38FDF1-70BC-96E5-1BC8-87FA8180883F}.Release|Any CPU.ActiveCfg = Release|Any CPU
		{2C38FDF1-70BC-96E5-1BC8-87FA8180883F}.Release|Any CPU.Build.0 = Release|Any CPU
		{B5471FA6-F9EE-69E8-58CB-8375E003D731}.Debug|Any CPU.ActiveCfg = Debug|Any CPU
		{B5471FA6-F9EE-69E8-58CB-8375E003D731}.Debug|Any CPU.Build.0 = Debug|Any CPU
		{B5471FA6-F9EE-69E8-58CB-8375E003D731}.Release|Any CPU.ActiveCfg = Release|Any CPU
		{B5471FA6-F9EE-69E8-58CB-8375E003D731}.Release|Any CPU.Build.0 = Release|Any CPU
		{ED7C8339-50AE-F55B-0C60-0CD6CFD39B30}.Debug|Any CPU.ActiveCfg = Debug|Any CPU
		{ED7C8339-50AE-F55B-0C60-0CD6CFD39B30}.Debug|Any CPU.Build.0 = Debug|Any CPU
		{ED7C8339-50AE-F55B-0C60-0CD6CFD39B30}.Release|Any CPU.ActiveCfg = Release|Any CPU
		{ED7C8339-50AE-F55B-0C60-0CD6CFD39B30}.Release|Any CPU.Build.0 = Release|Any CPU
		{AF43D92D-426B-1230-1546-9491FA3D231D}.Debug|Any CPU.ActiveCfg = Debug|Any CPU
		{AF43D92D-426B-1230-1546-9491FA3D231D}.Debug|Any CPU.Build.0 = Debug|Any CPU
		{AF43D92D-426B-1230-1546-9491FA3D231D}.Release|Any CPU.ActiveCfg = Release|Any CPU
		{AF43D92D-426B-1230-1546-9491FA3D231D}.Release|Any CPU.Build.0 = Release|Any CPU
		{49390E3A-3C76-CA8B-1FB4-E0DEFA77A8C1}.Debug|Any CPU.ActiveCfg = Debug|Any CPU
		{49390E3A-3C76-CA8B-1FB4-E0DEFA77A8C1}.Debug|Any CPU.Build.0 = Debug|Any CPU
		{49390E3A-3C76-CA8B-1FB4-E0DEFA77A8C1}.Release|Any CPU.ActiveCfg = Release|Any CPU
		{49390E3A-3C76-CA8B-1FB4-E0DEFA77A8C1}.Release|Any CPU.Build.0 = Release|Any CPU
		{B6ADF9AE-D265-91F7-DB0D-EA6F17129C59}.Debug|Any CPU.ActiveCfg = Debug|Any CPU
		{B6ADF9AE-D265-91F7-DB0D-EA6F17129C59}.Debug|Any CPU.Build.0 = Debug|Any CPU
		{B6ADF9AE-D265-91F7-DB0D-EA6F17129C59}.Release|Any CPU.ActiveCfg = Release|Any CPU
		{B6ADF9AE-D265-91F7-DB0D-EA6F17129C59}.Release|Any CPU.Build.0 = Release|Any CPU
		{A0D58A29-8CDB-9DD3-1084-6C8D9E2799A3}.Debug|Any CPU.ActiveCfg = Debug|Any CPU
		{A0D58A29-8CDB-9DD3-1084-6C8D9E2799A3}.Debug|Any CPU.Build.0 = Debug|Any CPU
		{A0D58A29-8CDB-9DD3-1084-6C8D9E2799A3}.Release|Any CPU.ActiveCfg = Release|Any CPU
		{A0D58A29-8CDB-9DD3-1084-6C8D9E2799A3}.Release|Any CPU.Build.0 = Release|Any CPU
		{869700CB-E098-44E8-75EC-D45D211B9674}.Debug|Any CPU.ActiveCfg = Debug|Any CPU
		{869700CB-E098-44E8-75EC-D45D211B9674}.Debug|Any CPU.Build.0 = Debug|Any CPU
		{869700CB-E098-44E8-75EC-D45D211B9674}.Release|Any CPU.ActiveCfg = Release|Any CPU
		{869700CB-E098-44E8-75EC-D45D211B9674}.Release|Any CPU.Build.0 = Release|Any CPU
		{EC56CC9C-4E2E-7DD4-CC23-5BFC74367DE3}.Debug|Any CPU.ActiveCfg = Debug|Any CPU
		{EC56CC9C-4E2E-7DD4-CC23-5BFC74367DE3}.Debug|Any CPU.Build.0 = Debug|Any CPU
		{EC56CC9C-4E2E-7DD4-CC23-5BFC74367DE3}.Release|Any CPU.ActiveCfg = Release|Any CPU
		{EC56CC9C-4E2E-7DD4-CC23-5BFC74367DE3}.Release|Any CPU.Build.0 = Release|Any CPU
		{1A590ECB-2496-75B2-F7F9-6EC604DAEF89}.Debug|Any CPU.ActiveCfg = Debug|Any CPU
		{1A590ECB-2496-75B2-F7F9-6EC604DAEF89}.Debug|Any CPU.Build.0 = Debug|Any CPU
		{1A590ECB-2496-75B2-F7F9-6EC604DAEF89}.Release|Any CPU.ActiveCfg = Release|Any CPU
		{1A590ECB-2496-75B2-F7F9-6EC604DAEF89}.Release|Any CPU.Build.0 = Release|Any CPU
		{96011D65-E3C2-1424-5102-A5CB7EDA62EB}.Debug|Any CPU.ActiveCfg = Debug|Any CPU
		{96011D65-E3C2-1424-5102-A5CB7EDA62EB}.Debug|Any CPU.Build.0 = Debug|Any CPU
		{96011D65-E3C2-1424-5102-A5CB7EDA62EB}.Release|Any CPU.ActiveCfg = Release|Any CPU
		{96011D65-E3C2-1424-5102-A5CB7EDA62EB}.Release|Any CPU.Build.0 = Release|Any CPU
		{B14108EC-0701-0B2F-65EB-D11C9CE2DFAD}.Debug|Any CPU.ActiveCfg = Debug|Any CPU
		{B14108EC-0701-0B2F-65EB-D11C9CE2DFAD}.Debug|Any CPU.Build.0 = Debug|Any CPU
		{B14108EC-0701-0B2F-65EB-D11C9CE2DFAD}.Release|Any CPU.ActiveCfg = Release|Any CPU
		{B14108EC-0701-0B2F-65EB-D11C9CE2DFAD}.Release|Any CPU.Build.0 = Release|Any CPU
		{B7934731-5038-94AB-E762-589FB10F67A4}.Debug|Any CPU.ActiveCfg = Debug|Any CPU
		{B7934731-5038-94AB-E762-589FB10F67A4}.Debug|Any CPU.Build.0 = Debug|Any CPU
		{B7934731-5038-94AB-E762-589FB10F67A4}.Release|Any CPU.ActiveCfg = Release|Any CPU
		{B7934731-5038-94AB-E762-589FB10F67A4}.Release|Any CPU.Build.0 = Release|Any CPU
		{D4F522AC-48E7-1413-6846-A8B17AEEB08E}.Debug|Any CPU.ActiveCfg = Debug|Any CPU
		{D4F522AC-48E7-1413-6846-A8B17AEEB08E}.Debug|Any CPU.Build.0 = Debug|Any CPU
		{D4F522AC-48E7-1413-6846-A8B17AEEB08E}.Release|Any CPU.ActiveCfg = Release|Any CPU
		{D4F522AC-48E7-1413-6846-A8B17AEEB08E}.Release|Any CPU.Build.0 = Release|Any CPU
		{F9700D50-252F-0300-EAA6-4126344394D6}.Debug|Any CPU.ActiveCfg = Debug|Any CPU
		{F9700D50-252F-0300-EAA6-4126344394D6}.Debug|Any CPU.Build.0 = Debug|Any CPU
		{F9700D50-252F-0300-EAA6-4126344394D6}.Release|Any CPU.ActiveCfg = Release|Any CPU
		{F9700D50-252F-0300-EAA6-4126344394D6}.Release|Any CPU.Build.0 = Release|Any CPU
		{A25CB20C-B3A9-2C2A-FFF7-7881AF7C05AC}.Debug|Any CPU.ActiveCfg = Debug|Any CPU
		{A25CB20C-B3A9-2C2A-FFF7-7881AF7C05AC}.Debug|Any CPU.Build.0 = Debug|Any CPU
		{A25CB20C-B3A9-2C2A-FFF7-7881AF7C05AC}.Release|Any CPU.ActiveCfg = Release|Any CPU
		{A25CB20C-B3A9-2C2A-FFF7-7881AF7C05AC}.Release|Any CPU.Build.0 = Release|Any CPU
		{BDEC890B-86A8-E8E3-E470-2529D139EEAB}.Debug|Any CPU.ActiveCfg = Debug|Any CPU
		{BDEC890B-86A8-E8E3-E470-2529D139EEAB}.Debug|Any CPU.Build.0 = Debug|Any CPU
		{BDEC890B-86A8-E8E3-E470-2529D139EEAB}.Release|Any CPU.ActiveCfg = Release|Any CPU
		{BDEC890B-86A8-E8E3-E470-2529D139EEAB}.Release|Any CPU.Build.0 = Release|Any CPU
		{3D7D7852-B119-B212-BB04-36ACDE1AE119}.Debug|Any CPU.ActiveCfg = Debug|Any CPU
		{3D7D7852-B119-B212-BB04-36ACDE1AE119}.Debug|Any CPU.Build.0 = Debug|Any CPU
		{3D7D7852-B119-B212-BB04-36ACDE1AE119}.Release|Any CPU.ActiveCfg = Release|Any CPU
		{3D7D7852-B119-B212-BB04-36ACDE1AE119}.Release|Any CPU.Build.0 = Release|Any CPU
		{96FEB5B7-F8C5-CDD5-5A70-C036C3BF2180}.Debug|Any CPU.ActiveCfg = Debug|Any CPU
		{96FEB5B7-F8C5-CDD5-5A70-C036C3BF2180}.Debug|Any CPU.Build.0 = Debug|Any CPU
		{96FEB5B7-F8C5-CDD5-5A70-C036C3BF2180}.Release|Any CPU.ActiveCfg = Release|Any CPU
		{96FEB5B7-F8C5-CDD5-5A70-C036C3BF2180}.Release|Any CPU.Build.0 = Release|Any CPU
		{8D2FFD7B-4341-4034-1FB5-CF161F85B994}.Debug|Any CPU.ActiveCfg = Debug|Any CPU
		{8D2FFD7B-4341-4034-1FB5-CF161F85B994}.Debug|Any CPU.Build.0 = Debug|Any CPU
		{8D2FFD7B-4341-4034-1FB5-CF161F85B994}.Release|Any CPU.ActiveCfg = Release|Any CPU
		{8D2FFD7B-4341-4034-1FB5-CF161F85B994}.Release|Any CPU.Build.0 = Release|Any CPU
		{C43A7BC8-FCAC-83B9-830A-1E2590AF4A20}.Debug|Any CPU.ActiveCfg = Debug|Any CPU
		{C43A7BC8-FCAC-83B9-830A-1E2590AF4A20}.Debug|Any CPU.Build.0 = Debug|Any CPU
		{C43A7BC8-FCAC-83B9-830A-1E2590AF4A20}.Release|Any CPU.ActiveCfg = Release|Any CPU
		{C43A7BC8-FCAC-83B9-830A-1E2590AF4A20}.Release|Any CPU.Build.0 = Release|Any CPU
		{D91EAEF8-2DE2-F94E-4065-A3646FA59B3F}.Debug|Any CPU.ActiveCfg = Debug|Any CPU
		{D91EAEF8-2DE2-F94E-4065-A3646FA59B3F}.Debug|Any CPU.Build.0 = Debug|Any CPU
		{D91EAEF8-2DE2-F94E-4065-A3646FA59B3F}.Release|Any CPU.ActiveCfg = Release|Any CPU
		{D91EAEF8-2DE2-F94E-4065-A3646FA59B3F}.Release|Any CPU.Build.0 = Release|Any CPU
		{B8B73935-DCA4-B4B9-4D39-80370F96FD67}.Debug|Any CPU.ActiveCfg = Debug|Any CPU
		{B8B73935-DCA4-B4B9-4D39-80370F96FD67}.Debug|Any CPU.Build.0 = Debug|Any CPU
		{B8B73935-DCA4-B4B9-4D39-80370F96FD67}.Release|Any CPU.ActiveCfg = Release|Any CPU
		{B8B73935-DCA4-B4B9-4D39-80370F96FD67}.Release|Any CPU.Build.0 = Release|Any CPU
		{60C03FDE-04E6-0D32-3956-D5AEAF8965D7}.Debug|Any CPU.ActiveCfg = Debug|Any CPU
		{60C03FDE-04E6-0D32-3956-D5AEAF8965D7}.Debug|Any CPU.Build.0 = Debug|Any CPU
		{60C03FDE-04E6-0D32-3956-D5AEAF8965D7}.Release|Any CPU.ActiveCfg = Release|Any CPU
		{60C03FDE-04E6-0D32-3956-D5AEAF8965D7}.Release|Any CPU.Build.0 = Release|Any CPU
		{BAD1D81A-850A-7B18-CE4C-CAFB96238FDA}.Debug|Any CPU.ActiveCfg = Debug|Any CPU
		{BAD1D81A-850A-7B18-CE4C-CAFB96238FDA}.Debug|Any CPU.Build.0 = Debug|Any CPU
		{BAD1D81A-850A-7B18-CE4C-CAFB96238FDA}.Release|Any CPU.ActiveCfg = Release|Any CPU
		{BAD1D81A-850A-7B18-CE4C-CAFB96238FDA}.Release|Any CPU.Build.0 = Release|Any CPU
		{A0A9DA46-FBEA-8743-DBBB-EC57DD4C9141}.Debug|Any CPU.ActiveCfg = Debug|Any CPU
		{A0A9DA46-FBEA-8743-DBBB-EC57DD4C9141}.Debug|Any CPU.Build.0 = Debug|Any CPU
		{A0A9DA46-FBEA-8743-DBBB-EC57DD4C9141}.Release|Any CPU.ActiveCfg = Release|Any CPU
		{A0A9DA46-FBEA-8743-DBBB-EC57DD4C9141}.Release|Any CPU.Build.0 = Release|Any CPU
		{D7C8F531-2318-B9CD-2B0C-7B3E329CDEA0}.Debug|Any CPU.ActiveCfg = Debug|Any CPU
		{D7C8F531-2318-B9CD-2B0C-7B3E329CDEA0}.Debug|Any CPU.Build.0 = Debug|Any CPU
		{D7C8F531-2318-B9CD-2B0C-7B3E329CDEA0}.Release|Any CPU.ActiveCfg = Release|Any CPU
		{D7C8F531-2318-B9CD-2B0C-7B3E329CDEA0}.Release|Any CPU.Build.0 = Release|Any CPU
		{428B5F55-FC15-07B8-51CE-2D066D2DED08}.Debug|Any CPU.ActiveCfg = Debug|Any CPU
		{428B5F55-FC15-07B8-51CE-2D066D2DED08}.Debug|Any CPU.Build.0 = Debug|Any CPU
		{428B5F55-FC15-07B8-51CE-2D066D2DED08}.Release|Any CPU.ActiveCfg = Release|Any CPU
		{428B5F55-FC15-07B8-51CE-2D066D2DED08}.Release|Any CPU.Build.0 = Release|Any CPU
		{E71AD1E5-BF0A-7F88-CBD7-AEB1CABFF59E}.Debug|Any CPU.ActiveCfg = Debug|Any CPU
		{E71AD1E5-BF0A-7F88-CBD7-AEB1CABFF59E}.Debug|Any CPU.Build.0 = Debug|Any CPU
		{E71AD1E5-BF0A-7F88-CBD7-AEB1CABFF59E}.Release|Any CPU.ActiveCfg = Release|Any CPU
		{E71AD1E5-BF0A-7F88-CBD7-AEB1CABFF59E}.Release|Any CPU.Build.0 = Release|Any CPU
		{EF996EDC-54D3-2408-296D-F0FB5D66D557}.Debug|Any CPU.ActiveCfg = Debug|Any CPU
		{EF996EDC-54D3-2408-296D-F0FB5D66D557}.Debug|Any CPU.Build.0 = Debug|Any CPU
		{EF996EDC-54D3-2408-296D-F0FB5D66D557}.Release|Any CPU.ActiveCfg = Release|Any CPU
		{EF996EDC-54D3-2408-296D-F0FB5D66D557}.Release|Any CPU.Build.0 = Release|Any CPU
		{D83F4C22-B1EC-6E4B-9783-F04595F47C88}.Debug|Any CPU.ActiveCfg = Debug|Any CPU
		{D83F4C22-B1EC-6E4B-9783-F04595F47C88}.Debug|Any CPU.Build.0 = Debug|Any CPU
		{D83F4C22-B1EC-6E4B-9783-F04595F47C88}.Release|Any CPU.ActiveCfg = Release|Any CPU
		{D83F4C22-B1EC-6E4B-9783-F04595F47C88}.Release|Any CPU.Build.0 = Release|Any CPU
		{B8B046D9-A0A1-063E-0122-F3DC2406AEDA}.Debug|Any CPU.ActiveCfg = Debug|Any CPU
		{B8B046D9-A0A1-063E-0122-F3DC2406AEDA}.Debug|Any CPU.Build.0 = Debug|Any CPU
		{B8B046D9-A0A1-063E-0122-F3DC2406AEDA}.Release|Any CPU.ActiveCfg = Release|Any CPU
		{B8B046D9-A0A1-063E-0122-F3DC2406AEDA}.Release|Any CPU.Build.0 = Release|Any CPU
		{260FD38E-F022-4059-3885-5B867E082806}.Debug|Any CPU.ActiveCfg = Debug|Any CPU
		{260FD38E-F022-4059-3885-5B867E082806}.Debug|Any CPU.Build.0 = Debug|Any CPU
		{260FD38E-F022-4059-3885-5B867E082806}.Release|Any CPU.ActiveCfg = Release|Any CPU
		{260FD38E-F022-4059-3885-5B867E082806}.Release|Any CPU.Build.0 = Release|Any CPU
		{218D3427-3A4C-80BA-9340-32BD79B7C395}.Debug|Any CPU.ActiveCfg = Debug|Any CPU
		{218D3427-3A4C-80BA-9340-32BD79B7C395}.Debug|Any CPU.Build.0 = Debug|Any CPU
		{218D3427-3A4C-80BA-9340-32BD79B7C395}.Release|Any CPU.ActiveCfg = Release|Any CPU
		{218D3427-3A4C-80BA-9340-32BD79B7C395}.Release|Any CPU.Build.0 = Release|Any CPU
		{4EDBFB12-CDE2-B597-3E46-A6D4D459D10A}.Debug|Any CPU.ActiveCfg = Debug|Any CPU
		{4EDBFB12-CDE2-B597-3E46-A6D4D459D10A}.Debug|Any CPU.Build.0 = Debug|Any CPU
		{4EDBFB12-CDE2-B597-3E46-A6D4D459D10A}.Release|Any CPU.ActiveCfg = Release|Any CPU
		{4EDBFB12-CDE2-B597-3E46-A6D4D459D10A}.Release|Any CPU.Build.0 = Release|Any CPU
		{A2F002F8-27ED-B9E2-78A5-767327B076DD}.Debug|Any CPU.ActiveCfg = Debug|Any CPU
		{A2F002F8-27ED-B9E2-78A5-767327B076DD}.Debug|Any CPU.Build.0 = Debug|Any CPU
		{A2F002F8-27ED-B9E2-78A5-767327B076DD}.Release|Any CPU.ActiveCfg = Release|Any CPU
		{A2F002F8-27ED-B9E2-78A5-767327B076DD}.Release|Any CPU.Build.0 = Release|Any CPU
		{27070C4A-F886-8B70-293C-0C9C00C5C4A7}.Debug|Any CPU.ActiveCfg = Debug|Any CPU
		{27070C4A-F886-8B70-293C-0C9C00C5C4A7}.Debug|Any CPU.Build.0 = Debug|Any CPU
		{27070C4A-F886-8B70-293C-0C9C00C5C4A7}.Release|Any CPU.ActiveCfg = Release|Any CPU
		{27070C4A-F886-8B70-293C-0C9C00C5C4A7}.Release|Any CPU.Build.0 = Release|Any CPU
		{810952B0-8D0A-04CF-7FF9-AD067922DF68}.Debug|Any CPU.ActiveCfg = Debug|Any CPU
		{810952B0-8D0A-04CF-7FF9-AD067922DF68}.Debug|Any CPU.Build.0 = Debug|Any CPU
		{810952B0-8D0A-04CF-7FF9-AD067922DF68}.Release|Any CPU.ActiveCfg = Release|Any CPU
		{810952B0-8D0A-04CF-7FF9-AD067922DF68}.Release|Any CPU.Build.0 = Release|Any CPU
		{A0855F32-78C5-8D50-91CF-061BD2ADF66F}.Debug|Any CPU.ActiveCfg = Debug|Any CPU
		{A0855F32-78C5-8D50-91CF-061BD2ADF66F}.Debug|Any CPU.Build.0 = Debug|Any CPU
		{A0855F32-78C5-8D50-91CF-061BD2ADF66F}.Release|Any CPU.ActiveCfg = Release|Any CPU
		{A0855F32-78C5-8D50-91CF-061BD2ADF66F}.Release|Any CPU.Build.0 = Release|Any CPU
		{7CD5BAA2-D4E7-6E70-442F-A419BA371110}.Debug|Any CPU.ActiveCfg = Debug|Any CPU
		{7CD5BAA2-D4E7-6E70-442F-A419BA371110}.Debug|Any CPU.Build.0 = Debug|Any CPU
		{7CD5BAA2-D4E7-6E70-442F-A419BA371110}.Release|Any CPU.ActiveCfg = Release|Any CPU
		{7CD5BAA2-D4E7-6E70-442F-A419BA371110}.Release|Any CPU.Build.0 = Release|Any CPU
	EndGlobalSection
	GlobalSection(SolutionProperties) = preSolution
		HideSolutionNode = FALSE
	EndGlobalSection
EndGlobal
